<?xml version="1.0" encoding="utf-8"?>
<Project ToolsVersion="4.0" xmlns="http://schemas.microsoft.com/developer/msbuild/2003">
  <ItemGroup>
    <Filter Include="Файлы ресурсов">
      <UniqueIdentifier>{67DA6AB6-F800-4c08-8B7A-83BB121AAD01}</UniqueIdentifier>
      <Extensions>rc;ico;cur;bmp;dlg;rc2;rct;bin;rgs;gif;jpg;jpeg;jpe;resx;tiff;tif;png;wav;mfcribbon-ms</Extensions>
    </Filter>
    <Filter Include="src">
      <UniqueIdentifier>{ec782d82-ece1-41e8-9b37-98b7311304a9}</UniqueIdentifier>
    </Filter>
    <Filter Include="src\Engine">
      <UniqueIdentifier>{b852b25f-4b6f-4e27-87e5-15bef7916cfc}</UniqueIdentifier>
    </Filter>
    <Filter Include="src\Engine\Shaders">
      <UniqueIdentifier>{793a6f1d-942f-41b9-a1c8-b2d929b93c26}</UniqueIdentifier>
    </Filter>
  </ItemGroup>
  <ItemGroup>
    <ClCompile Include="src\Main.cpp">
      <Filter>src</Filter>
    </ClCompile>
    <ClCompile Include="src\Engine\Window.cpp">
      <Filter>src\Engine</Filter>
    </ClCompile>
    <ClCompile Include="src\Engine\Shaders\Shaders.cpp">
      <Filter>src\Engine\Shaders</Filter>
    </ClCompile>
  </ItemGroup>
  <ItemGroup>
    <ClInclude Include="src\Engine\Window.h">
      <Filter>src\Engine</Filter>
    </ClInclude>
    <ClInclude Include="src\Engine\Shaders\Shaders.h">
      <Filter>src\Engine\Shaders</Filter>
    </ClInclude>
  </ItemGroup>
  <ItemGroup>
    <None Include="src\Engine\Shaders\FragmentShader.fraq">
      <Filter>src\Engine\Shaders</Filter>
    </None>
    <None Include="src\Engine\Shaders\VertexShader.vert">
      <Filter>src\Engine\Shaders</Filter>
    </None>
  </ItemGroup>
</Project>